// !$*UTF8*$!
{
	archiveVersion = 1;
	classes = {
	};
	objectVersion = 48;
	objects = {

/* Begin PBXBuildFile section */
		1C78D91BE49F049E955A5C1D /* Pods_ChatBot.framework in Frameworks */ = {isa = PBXBuildFile; fileRef = CF310E430405EA64077CCED1 /* Pods_ChatBot.framework */; };
		5205D1601FDA769B002F508C /* Network.swift in Sources */ = {isa = PBXBuildFile; fileRef = 5205D15F1FDA769B002F508C /* Network.swift */; };
		5205D1621FDA7C8C002F508C /* DeviceInfo.swift in Sources */ = {isa = PBXBuildFile; fileRef = 5205D1611FDA7C8C002F508C /* DeviceInfo.swift */; };
		5205D1641FDA7CE2002F508C /* Environment.swift in Sources */ = {isa = PBXBuildFile; fileRef = 5205D1631FDA7CE2002F508C /* Environment.swift */; };
		520AAF6A1FD12D38008DE2D7 /* ChatBotCustomPopover.swift in Sources */ = {isa = PBXBuildFile; fileRef = 520AAF691FD12D38008DE2D7 /* ChatBotCustomPopover.swift */; };
		5225C1EA1FE0F4EC008A8B89 /* ChatBot.json in Resources */ = {isa = PBXBuildFile; fileRef = 5225C1E91FE0F4EC008A8B89 /* ChatBot.json */; };
		5225C1EC1FE10068008A8B89 /* Client.swift in Sources */ = {isa = PBXBuildFile; fileRef = 5225C1EB1FE10068008A8B89 /* Client.swift */; };
		52757F5D1FDE6CCB002BBE94 /* ChatBotNetworkImp.swift in Sources */ = {isa = PBXBuildFile; fileRef = 52757F5C1FDE6CCB002BBE94 /* ChatBotNetworkImp.swift */; };
		52757F5F1FDE6D00002BBE94 /* ErrorResponse.swift in Sources */ = {isa = PBXBuildFile; fileRef = 52757F5E1FDE6D00002BBE94 /* ErrorResponse.swift */; };
		52757F621FDE6D5D002BBE94 /* ChatBotResult.swift in Sources */ = {isa = PBXBuildFile; fileRef = 52757F611FDE6D5D002BBE94 /* ChatBotResult.swift */; };
		52757F641FDE6D93002BBE94 /* ChatBot.swift in Sources */ = {isa = PBXBuildFile; fileRef = 52757F631FDE6D93002BBE94 /* ChatBot.swift */; };
		527DAF6C1FE1420500A755C0 /* ChatBotMockImp.swift in Sources */ = {isa = PBXBuildFile; fileRef = 527DAF6B1FE1420500A755C0 /* ChatBotMockImp.swift */; };
		527DAF6E1FE1485600A755C0 /* Settings.bundle in Resources */ = {isa = PBXBuildFile; fileRef = 527DAF6D1FE1485600A755C0 /* Settings.bundle */; };
		527DAF701FE14D3200A755C0 /* Constants.swift in Sources */ = {isa = PBXBuildFile; fileRef = 527DAF6F1FE14D3200A755C0 /* Constants.swift */; };
		527DAF721FE1527700A755C0 /* CallbackChatBot.swift in Sources */ = {isa = PBXBuildFile; fileRef = 527DAF711FE1527700A755C0 /* CallbackChatBot.swift */; };
		52FB4AF21FCFD0C700A7531A /* AppDelegate.swift in Sources */ = {isa = PBXBuildFile; fileRef = 52FB4AF11FCFD0C700A7531A /* AppDelegate.swift */; };
		52FB4AF41FCFD0C700A7531A /* Login.swift in Sources */ = {isa = PBXBuildFile; fileRef = 52FB4AF31FCFD0C700A7531A /* Login.swift */; };
		52FB4AF71FCFD0C700A7531A /* Main.storyboard in Resources */ = {isa = PBXBuildFile; fileRef = 52FB4AF51FCFD0C700A7531A /* Main.storyboard */; };
		52FB4AF91FCFD0C700A7531A /* Assets.xcassets in Resources */ = {isa = PBXBuildFile; fileRef = 52FB4AF81FCFD0C700A7531A /* Assets.xcassets */; };
		52FB4AFC1FCFD0C700A7531A /* LaunchScreen.storyboard in Resources */ = {isa = PBXBuildFile; fileRef = 52FB4AFA1FCFD0C700A7531A /* LaunchScreen.storyboard */; };
		52FB4B071FCFF33A00A7531A /* Dashboard.swift in Sources */ = {isa = PBXBuildFile; fileRef = 52FB4B061FCFF33A00A7531A /* Dashboard.swift */; };
		52FB4B0B1FD01A3800A7531A /* ChatbotNotificationView.xib in Resources */ = {isa = PBXBuildFile; fileRef = 52FB4B091FD01A3800A7531A /* ChatbotNotificationView.xib */; };
/* End PBXBuildFile section */

/* Begin PBXFileReference section */
		019DEAEE77F2B2670A90257F /* Pods-ChatBot.debug.xcconfig */ = {isa = PBXFileReference; includeInIndex = 1; lastKnownFileType = text.xcconfig; name = "Pods-ChatBot.debug.xcconfig"; path = "Pods/Target Support Files/Pods-ChatBot/Pods-ChatBot.debug.xcconfig"; sourceTree = "<group>"; };
		27FEA2DD0F1B5FFA40434CB5 /* Pods-ChatBot.release.xcconfig */ = {isa = PBXFileReference; includeInIndex = 1; lastKnownFileType = text.xcconfig; name = "Pods-ChatBot.release.xcconfig"; path = "Pods/Target Support Files/Pods-ChatBot/Pods-ChatBot.release.xcconfig"; sourceTree = "<group>"; };
		5205D15F1FDA769B002F508C /* Network.swift */ = {isa = PBXFileReference; lastKnownFileType = sourcecode.swift; path = Network.swift; sourceTree = "<group>"; };
		5205D1611FDA7C8C002F508C /* DeviceInfo.swift */ = {isa = PBXFileReference; lastKnownFileType = sourcecode.swift; path = DeviceInfo.swift; sourceTree = "<group>"; };
		5205D1631FDA7CE2002F508C /* Environment.swift */ = {isa = PBXFileReference; lastKnownFileType = sourcecode.swift; path = Environment.swift; sourceTree = "<group>"; };
		520AAF691FD12D38008DE2D7 /* ChatBotCustomPopover.swift */ = {isa = PBXFileReference; lastKnownFileType = sourcecode.swift; path = ChatBotCustomPopover.swift; sourceTree = "<group>"; };
		5225C1E91FE0F4EC008A8B89 /* ChatBot.json */ = {isa = PBXFileReference; lastKnownFileType = text.json; path = ChatBot.json; sourceTree = "<group>"; };
		5225C1EB1FE10068008A8B89 /* Client.swift */ = {isa = PBXFileReference; lastKnownFileType = sourcecode.swift; path = Client.swift; sourceTree = "<group>"; };
		52757F5C1FDE6CCB002BBE94 /* ChatBotNetworkImp.swift */ = {isa = PBXFileReference; lastKnownFileType = sourcecode.swift; path = ChatBotNetworkImp.swift; sourceTree = "<group>"; };
		52757F5E1FDE6D00002BBE94 /* ErrorResponse.swift */ = {isa = PBXFileReference; lastKnownFileType = sourcecode.swift; path = ErrorResponse.swift; sourceTree = "<group>"; };
		52757F611FDE6D5D002BBE94 /* ChatBotResult.swift */ = {isa = PBXFileReference; lastKnownFileType = sourcecode.swift; path = ChatBotResult.swift; sourceTree = "<group>"; };
		52757F631FDE6D93002BBE94 /* ChatBot.swift */ = {isa = PBXFileReference; lastKnownFileType = sourcecode.swift; path = ChatBot.swift; sourceTree = "<group>"; };
		527DAF6B1FE1420500A755C0 /* ChatBotMockImp.swift */ = {isa = PBXFileReference; lastKnownFileType = sourcecode.swift; path = ChatBotMockImp.swift; sourceTree = "<group>"; };
		527DAF6D1FE1485600A755C0 /* Settings.bundle */ = {isa = PBXFileReference; lastKnownFileType = "wrapper.plug-in"; path = Settings.bundle; sourceTree = "<group>"; };
		527DAF6F1FE14D3200A755C0 /* Constants.swift */ = {isa = PBXFileReference; lastKnownFileType = sourcecode.swift; path = Constants.swift; sourceTree = "<group>"; };
		527DAF711FE1527700A755C0 /* CallbackChatBot.swift */ = {isa = PBXFileReference; lastKnownFileType = sourcecode.swift; path = CallbackChatBot.swift; sourceTree = "<group>"; };
		52FB4AEE1FCFD0C700A7531A /* ChatBot.app */ = {isa = PBXFileReference; explicitFileType = wrapper.application; includeInIndex = 0; path = ChatBot.app; sourceTree = BUILT_PRODUCTS_DIR; };
		52FB4AF11FCFD0C700A7531A /* AppDelegate.swift */ = {isa = PBXFileReference; lastKnownFileType = sourcecode.swift; path = AppDelegate.swift; sourceTree = "<group>"; };
		52FB4AF31FCFD0C700A7531A /* Login.swift */ = {isa = PBXFileReference; lastKnownFileType = sourcecode.swift; path = Login.swift; sourceTree = "<group>"; };
		52FB4AF61FCFD0C700A7531A /* Base */ = {isa = PBXFileReference; lastKnownFileType = file.storyboard; name = Base; path = Base.lproj/Main.storyboard; sourceTree = "<group>"; };
		52FB4AF81FCFD0C700A7531A /* Assets.xcassets */ = {isa = PBXFileReference; lastKnownFileType = folder.assetcatalog; path = Assets.xcassets; sourceTree = "<group>"; };
		52FB4AFB1FCFD0C700A7531A /* Base */ = {isa = PBXFileReference; lastKnownFileType = file.storyboard; name = Base; path = Base.lproj/LaunchScreen.storyboard; sourceTree = "<group>"; };
		52FB4AFD1FCFD0C700A7531A /* Info.plist */ = {isa = PBXFileReference; lastKnownFileType = text.plist.xml; path = Info.plist; sourceTree = "<group>"; };
		52FB4B031FCFD1E100A7531A /* ChatBot-Bridging-Header.h */ = {isa = PBXFileReference; lastKnownFileType = sourcecode.c.h; path = "ChatBot-Bridging-Header.h"; sourceTree = "<group>"; };
		52FB4B061FCFF33A00A7531A /* Dashboard.swift */ = {isa = PBXFileReference; lastKnownFileType = sourcecode.swift; path = Dashboard.swift; sourceTree = "<group>"; };
		52FB4B091FD01A3800A7531A /* ChatbotNotificationView.xib */ = {isa = PBXFileReference; lastKnownFileType = file.xib; path = ChatbotNotificationView.xib; sourceTree = "<group>"; };
		CF310E430405EA64077CCED1 /* Pods_ChatBot.framework */ = {isa = PBXFileReference; explicitFileType = wrapper.framework; includeInIndex = 0; path = Pods_ChatBot.framework; sourceTree = BUILT_PRODUCTS_DIR; };
/* End PBXFileReference section */

/* Begin PBXFrameworksBuildPhase section */
		52FB4AEB1FCFD0C700A7531A /* Frameworks */ = {
			isa = PBXFrameworksBuildPhase;
			buildActionMask = 2147483647;
			files = (
				1C78D91BE49F049E955A5C1D /* Pods_ChatBot.framework in Frameworks */,
			);
			runOnlyForDeploymentPostprocessing = 0;
		};
/* End PBXFrameworksBuildPhase section */

/* Begin PBXGroup section */
		38E9EA4260B9B915A702946D /* Frameworks */ = {
			isa = PBXGroup;
			children = (
				CF310E430405EA64077CCED1 /* Pods_ChatBot.framework */,
			);
			name = Frameworks;
			sourceTree = "<group>";
		};
		5205D15D1FDA7642002F508C /* Network */ = {
			isa = PBXGroup;
			children = (
				5205D15F1FDA769B002F508C /* Network.swift */,
				5205D1611FDA7C8C002F508C /* DeviceInfo.swift */,
				5205D1631FDA7CE2002F508C /* Environment.swift */,
				527DAF711FE1527700A755C0 /* CallbackChatBot.swift */,
				52757F5C1FDE6CCB002BBE94 /* ChatBotNetworkImp.swift */,
				527DAF6B1FE1420500A755C0 /* ChatBotMockImp.swift */,
				52757F5E1FDE6D00002BBE94 /* ErrorResponse.swift */,
				5225C1EB1FE10068008A8B89 /* Client.swift */,
			);
			path = Network;
			sourceTree = "<group>";
		};
		5205D15E1FDA765A002F508C /* Views */ = {
			isa = PBXGroup;
			children = (
				52FB4AF11FCFD0C700A7531A /* AppDelegate.swift */,
				52FB4AF31FCFD0C700A7531A /* Login.swift */,
				52FB4B061FCFF33A00A7531A /* Dashboard.swift */,
				52FB4AF51FCFD0C700A7531A /* Main.storyboard */,
				52FB4AF81FCFD0C700A7531A /* Assets.xcassets */,
				52FB4AFA1FCFD0C700A7531A /* LaunchScreen.storyboard */,
				52FB4B091FD01A3800A7531A /* ChatbotNotificationView.xib */,
				527DAF6D1FE1485600A755C0 /* Settings.bundle */,
				527DAF6F1FE14D3200A755C0 /* Constants.swift */,
			);
			path = Views;
			sourceTree = "<group>";
		};
		520AAF681FD12CF3008DE2D7 /* Custom */ = {
			isa = PBXGroup;
			children = (
				520AAF691FD12D38008DE2D7 /* ChatBotCustomPopover.swift */,
			);
			path = Custom;
			sourceTree = "<group>";
		};
		52757F601FDE6D42002BBE94 /* Model */ = {
			isa = PBXGroup;
			children = (
				52757F611FDE6D5D002BBE94 /* ChatBotResult.swift */,
				52757F631FDE6D93002BBE94 /* ChatBot.swift */,
				5225C1E91FE0F4EC008A8B89 /* ChatBot.json */,
			);
			path = Model;
			sourceTree = "<group>";
		};
		52FB4AE51FCFD0C700A7531A = {
			isa = PBXGroup;
			children = (
				52FB4AF01FCFD0C700A7531A /* ChatBot */,
				52FB4AEF1FCFD0C700A7531A /* Products */,
				A7E89AF28ECDDBD4BBD48747 /* Pods */,
				38E9EA4260B9B915A702946D /* Frameworks */,
			);
			sourceTree = "<group>";
		};
		52FB4AEF1FCFD0C700A7531A /* Products */ = {
			isa = PBXGroup;
			children = (
				52FB4AEE1FCFD0C700A7531A /* ChatBot.app */,
			);
			name = Products;
			sourceTree = "<group>";
		};
		52FB4AF01FCFD0C700A7531A /* ChatBot */ = {
			isa = PBXGroup;
			children = (
				5205D15E1FDA765A002F508C /* Views */,
				52757F601FDE6D42002BBE94 /* Model */,
				5205D15D1FDA7642002F508C /* Network */,
				520AAF681FD12CF3008DE2D7 /* Custom */,
				52FB4AFD1FCFD0C700A7531A /* Info.plist */,
				52FB4B031FCFD1E100A7531A /* ChatBot-Bridging-Header.h */,
			);
			path = ChatBot;
			sourceTree = "<group>";
		};
		A7E89AF28ECDDBD4BBD48747 /* Pods */ = {
			isa = PBXGroup;
			children = (
				019DEAEE77F2B2670A90257F /* Pods-ChatBot.debug.xcconfig */,
				27FEA2DD0F1B5FFA40434CB5 /* Pods-ChatBot.release.xcconfig */,
			);
			name = Pods;
			sourceTree = "<group>";
		};
/* End PBXGroup section */

/* Begin PBXNativeTarget section */
		52FB4AED1FCFD0C700A7531A /* ChatBot */ = {
			isa = PBXNativeTarget;
			buildConfigurationList = 52FB4B001FCFD0C700A7531A /* Build configuration list for PBXNativeTarget "ChatBot" */;
			buildPhases = (
				6CCF728170F169EA2CAF81D9 /* [CP] Check Pods Manifest.lock */,
				52FB4AEA1FCFD0C700A7531A /* Sources */,
				52FB4AEB1FCFD0C700A7531A /* Frameworks */,
				52FB4AEC1FCFD0C700A7531A /* Resources */,
				F3B93D5EB08323099CA245B8 /* [CP] Embed Pods Frameworks */,
				E9FC3251D31B75C836D1836E /* [CP] Copy Pods Resources */,
			);
			buildRules = (
			);
			dependencies = (
			);
			name = ChatBot;
			productName = ChatBot;
			productReference = 52FB4AEE1FCFD0C700A7531A /* ChatBot.app */;
			productType = "com.apple.product-type.application";
		};
/* End PBXNativeTarget section */

/* Begin PBXProject section */
		52FB4AE61FCFD0C700A7531A /* Project object */ = {
			isa = PBXProject;
			attributes = {
				LastSwiftUpdateCheck = 0900;
				LastUpgradeCheck = 0900;
				ORGANIZATIONNAME = "Prabin K Datta";
				TargetAttributes = {
					52FB4AED1FCFD0C700A7531A = {
						CreatedOnToolsVersion = 9.0;
						ProvisioningStyle = Automatic;
						SystemCapabilities = {
							com.apple.BackgroundModes = {
								enabled = 1;
							};
						};
					};
				};
			};
			buildConfigurationList = 52FB4AE91FCFD0C700A7531A /* Build configuration list for PBXProject "ChatBot" */;
			compatibilityVersion = "Xcode 8.0";
			developmentRegion = en;
			hasScannedForEncodings = 0;
			knownRegions = (
				en,
				Base,
			);
			mainGroup = 52FB4AE51FCFD0C700A7531A;
			productRefGroup = 52FB4AEF1FCFD0C700A7531A /* Products */;
			projectDirPath = "";
			projectRoot = "";
			targets = (
				52FB4AED1FCFD0C700A7531A /* ChatBot */,
			);
		};
/* End PBXProject section */

/* Begin PBXResourcesBuildPhase section */
		52FB4AEC1FCFD0C700A7531A /* Resources */ = {
			isa = PBXResourcesBuildPhase;
			buildActionMask = 2147483647;
			files = (
				5225C1EA1FE0F4EC008A8B89 /* ChatBot.json in Resources */,
				52FB4AFC1FCFD0C700A7531A /* LaunchScreen.storyboard in Resources */,
				52FB4B0B1FD01A3800A7531A /* ChatbotNotificationView.xib in Resources */,
				52FB4AF91FCFD0C700A7531A /* Assets.xcassets in Resources */,
				527DAF6E1FE1485600A755C0 /* Settings.bundle in Resources */,
				52FB4AF71FCFD0C700A7531A /* Main.storyboard in Resources */,
			);
			runOnlyForDeploymentPostprocessing = 0;
		};
/* End PBXResourcesBuildPhase section */

/* Begin PBXShellScriptBuildPhase section */
		6CCF728170F169EA2CAF81D9 /* [CP] Check Pods Manifest.lock */ = {
			isa = PBXShellScriptBuildPhase;
			buildActionMask = 2147483647;
			files = (
			);
			inputPaths = (
				"${PODS_PODFILE_DIR_PATH}/Podfile.lock",
				"${PODS_ROOT}/Manifest.lock",
			);
			name = "[CP] Check Pods Manifest.lock";
			outputPaths = (
				"$(DERIVED_FILE_DIR)/Pods-ChatBot-checkManifestLockResult.txt",
			);
			runOnlyForDeploymentPostprocessing = 0;
			shellPath = /bin/sh;
			shellScript = "diff \"${PODS_PODFILE_DIR_PATH}/Podfile.lock\" \"${PODS_ROOT}/Manifest.lock\" > /dev/null\nif [ $? != 0 ] ; then\n    # print error to STDERR\n    echo \"error: The sandbox is not in sync with the Podfile.lock. Run 'pod install' or update your CocoaPods installation.\" >&2\n    exit 1\nfi\n# This output is used by Xcode 'outputs' to avoid re-running this script phase.\necho \"SUCCESS\" > \"${SCRIPT_OUTPUT_FILE_0}\"\n";
			showEnvVarsInLog = 0;
		};
		E9FC3251D31B75C836D1836E /* [CP] Copy Pods Resources */ = {
			isa = PBXShellScriptBuildPhase;
			buildActionMask = 2147483647;
			files = (
			);
			inputPaths = (
			);
			name = "[CP] Copy Pods Resources";
			outputPaths = (
			);
			runOnlyForDeploymentPostprocessing = 0;
			shellPath = /bin/sh;
			shellScript = "\"${SRCROOT}/Pods/Target Support Files/Pods-ChatBot/Pods-ChatBot-resources.sh\"\n";
			showEnvVarsInLog = 0;
		};
		F3B93D5EB08323099CA245B8 /* [CP] Embed Pods Frameworks */ = {
			isa = PBXShellScriptBuildPhase;
			buildActionMask = 2147483647;
			files = (
			);
			inputPaths = (
				"${SRCROOT}/Pods/Target Support Files/Pods-ChatBot/Pods-ChatBot-frameworks.sh",
				"${BUILT_PRODUCTS_DIR}/AFNetworking/AFNetworking.framework",
				"${BUILT_PRODUCTS_DIR}/AZDialogView/AZDialogView.framework",
				"${BUILT_PRODUCTS_DIR}/SwiftyJSON/SwiftyJSON.framework",
			);
			name = "[CP] Embed Pods Frameworks";
			outputPaths = (
				"${TARGET_BUILD_DIR}/${FRAMEWORKS_FOLDER_PATH}/AFNetworking.framework",
				"${TARGET_BUILD_DIR}/${FRAMEWORKS_FOLDER_PATH}/AZDialogView.framework",
				"${TARGET_BUILD_DIR}/${FRAMEWORKS_FOLDER_PATH}/SwiftyJSON.framework",
			);
			runOnlyForDeploymentPostprocessing = 0;
			shellPath = /bin/sh;
			shellScript = "\"${SRCROOT}/Pods/Target Support Files/Pods-ChatBot/Pods-ChatBot-frameworks.sh\"\n";
			showEnvVarsInLog = 0;
		};
/* End PBXShellScriptBuildPhase section */

/* Begin PBXSourcesBuildPhase section */
		52FB4AEA1FCFD0C700A7531A /* Sources */ = {
			isa = PBXSourcesBuildPhase;
			buildActionMask = 2147483647;
			files = (
				5205D1601FDA769B002F508C /* Network.swift in Sources */,
				527DAF6C1FE1420500A755C0 /* ChatBotMockImp.swift in Sources */,
				5205D1621FDA7C8C002F508C /* DeviceInfo.swift in Sources */,
				5225C1EC1FE10068008A8B89 /* Client.swift in Sources */,
				52FB4AF41FCFD0C700A7531A /* Login.swift in Sources */,
				5205D1641FDA7CE2002F508C /* Environment.swift in Sources */,
				52FB4B071FCFF33A00A7531A /* Dashboard.swift in Sources */,
				52FB4AF21FCFD0C700A7531A /* AppDelegate.swift in Sources */,
				52757F5F1FDE6D00002BBE94 /* ErrorResponse.swift in Sources */,
				52757F641FDE6D93002BBE94 /* ChatBot.swift in Sources */,
				520AAF6A1FD12D38008DE2D7 /* ChatBotCustomPopover.swift in Sources */,
				527DAF701FE14D3200A755C0 /* Constants.swift in Sources */,
				52757F621FDE6D5D002BBE94 /* ChatBotResult.swift in Sources */,
				52757F5D1FDE6CCB002BBE94 /* ChatBotNetworkImp.swift in Sources */,
				527DAF721FE1527700A755C0 /* CallbackChatBot.swift in Sources */,
			);
			runOnlyForDeploymentPostprocessing = 0;
		};
/* End PBXSourcesBuildPhase section */

/* Begin PBXVariantGroup section */
		52FB4AF51FCFD0C700A7531A /* Main.storyboard */ = {
			isa = PBXVariantGroup;
			children = (
				52FB4AF61FCFD0C700A7531A /* Base */,
			);
			name = Main.storyboard;
			sourceTree = "<group>";
		};
		52FB4AFA1FCFD0C700A7531A /* LaunchScreen.storyboard */ = {
			isa = PBXVariantGroup;
			children = (
				52FB4AFB1FCFD0C700A7531A /* Base */,
			);
			name = LaunchScreen.storyboard;
			sourceTree = "<group>";
		};
/* End PBXVariantGroup section */

/* Begin XCBuildConfiguration section */
		52FB4AFE1FCFD0C700A7531A /* Debug */ = {
			isa = XCBuildConfiguration;
			buildSettings = {
				ALWAYS_SEARCH_USER_PATHS = NO;
				CLANG_ANALYZER_NONNULL = YES;
				CLANG_ANALYZER_NUMBER_OBJECT_CONVERSION = YES_AGGRESSIVE;
				CLANG_CXX_LANGUAGE_STANDARD = "gnu++14";
				CLANG_CXX_LIBRARY = "libc++";
				CLANG_ENABLE_MODULES = YES;
				CLANG_ENABLE_OBJC_ARC = YES;
				CLANG_WARN_BLOCK_CAPTURE_AUTORELEASING = YES;
				CLANG_WARN_BOOL_CONVERSION = YES;
				CLANG_WARN_COMMA = YES;
				CLANG_WARN_CONSTANT_CONVERSION = YES;
				CLANG_WARN_DIRECT_OBJC_ISA_USAGE = YES_ERROR;
				CLANG_WARN_DOCUMENTATION_COMMENTS = YES;
				CLANG_WARN_EMPTY_BODY = YES;
				CLANG_WARN_ENUM_CONVERSION = YES;
				CLANG_WARN_INFINITE_RECURSION = YES;
				CLANG_WARN_INT_CONVERSION = YES;
				CLANG_WARN_NON_LITERAL_NULL_CONVERSION = YES;
				CLANG_WARN_OBJC_LITERAL_CONVERSION = YES;
				CLANG_WARN_OBJC_ROOT_CLASS = YES_ERROR;
				CLANG_WARN_RANGE_LOOP_ANALYSIS = YES;
				CLANG_WARN_STRICT_PROTOTYPES = YES;
				CLANG_WARN_SUSPICIOUS_MOVE = YES;
				CLANG_WARN_UNGUARDED_AVAILABILITY = YES_AGGRESSIVE;
				CLANG_WARN_UNREACHABLE_CODE = YES;
				CLANG_WARN__DUPLICATE_METHOD_MATCH = YES;
				CODE_SIGN_IDENTITY = "iPhone Developer";
				COPY_PHASE_STRIP = NO;
				DEBUG_INFORMATION_FORMAT = dwarf;
				ENABLE_STRICT_OBJC_MSGSEND = YES;
				ENABLE_TESTABILITY = YES;
				GCC_C_LANGUAGE_STANDARD = gnu11;
				GCC_DYNAMIC_NO_PIC = NO;
				GCC_NO_COMMON_BLOCKS = YES;
				GCC_OPTIMIZATION_LEVEL = 0;
				GCC_PREPROCESSOR_DEFINITIONS = (
					"DEBUG=1",
					"$(inherited)",
				);
				GCC_WARN_64_TO_32_BIT_CONVERSION = YES;
				GCC_WARN_ABOUT_RETURN_TYPE = YES_ERROR;
				GCC_WARN_UNDECLARED_SELECTOR = YES;
				GCC_WARN_UNINITIALIZED_AUTOS = YES_AGGRESSIVE;
				GCC_WARN_UNUSED_FUNCTION = YES;
				GCC_WARN_UNUSED_VARIABLE = YES;
				IPHONEOS_DEPLOYMENT_TARGET = 11.0;
				MTL_ENABLE_DEBUG_INFO = YES;
				ONLY_ACTIVE_ARCH = YES;
				SDKROOT = iphoneos;
				SWIFT_ACTIVE_COMPILATION_CONDITIONS = DEBUG;
				SWIFT_OPTIMIZATION_LEVEL = "-Onone";
			};
			name = Debug;
		};
		52FB4AFF1FCFD0C700A7531A /* Release */ = {
			isa = XCBuildConfiguration;
			buildSettings = {
				ALWAYS_SEARCH_USER_PATHS = NO;
				CLANG_ANALYZER_NONNULL = YES;
				CLANG_ANALYZER_NUMBER_OBJECT_CONVERSION = YES_AGGRESSIVE;
				CLANG_CXX_LANGUAGE_STANDARD = "gnu++14";
				CLANG_CXX_LIBRARY = "libc++";
				CLANG_ENABLE_MODULES = YES;
				CLANG_ENABLE_OBJC_ARC = YES;
				CLANG_WARN_BLOCK_CAPTURE_AUTORELEASING = YES;
				CLANG_WARN_BOOL_CONVERSION = YES;
				CLANG_WARN_COMMA = YES;
				CLANG_WARN_CONSTANT_CONVERSION = YES;
				CLANG_WARN_DIRECT_OBJC_ISA_USAGE = YES_ERROR;
				CLANG_WARN_DOCUMENTATION_COMMENTS = YES;
				CLANG_WARN_EMPTY_BODY = YES;
				CLANG_WARN_ENUM_CONVERSION = YES;
				CLANG_WARN_INFINITE_RECURSION = YES;
				CLANG_WARN_INT_CONVERSION = YES;
				CLANG_WARN_NON_LITERAL_NULL_CONVERSION = YES;
				CLANG_WARN_OBJC_LITERAL_CONVERSION = YES;
				CLANG_WARN_OBJC_ROOT_CLASS = YES_ERROR;
				CLANG_WARN_RANGE_LOOP_ANALYSIS = YES;
				CLANG_WARN_STRICT_PROTOTYPES = YES;
				CLANG_WARN_SUSPICIOUS_MOVE = YES;
				CLANG_WARN_UNGUARDED_AVAILABILITY = YES_AGGRESSIVE;
				CLANG_WARN_UNREACHABLE_CODE = YES;
				CLANG_WARN__DUPLICATE_METHOD_MATCH = YES;
				CODE_SIGN_IDENTITY = "iPhone Developer";
				COPY_PHASE_STRIP = NO;
				DEBUG_INFORMATION_FORMAT = "dwarf-with-dsym";
				ENABLE_NS_ASSERTIONS = NO;
				ENABLE_STRICT_OBJC_MSGSEND = YES;
				GCC_C_LANGUAGE_STANDARD = gnu11;
				GCC_NO_COMMON_BLOCKS = YES;
				GCC_WARN_64_TO_32_BIT_CONVERSION = YES;
				GCC_WARN_ABOUT_RETURN_TYPE = YES_ERROR;
				GCC_WARN_UNDECLARED_SELECTOR = YES;
				GCC_WARN_UNINITIALIZED_AUTOS = YES_AGGRESSIVE;
				GCC_WARN_UNUSED_FUNCTION = YES;
				GCC_WARN_UNUSED_VARIABLE = YES;
				IPHONEOS_DEPLOYMENT_TARGET = 11.0;
				MTL_ENABLE_DEBUG_INFO = NO;
				SDKROOT = iphoneos;
				SWIFT_OPTIMIZATION_LEVEL = "-Owholemodule";
				VALIDATE_PRODUCT = YES;
			};
			name = Release;
		};
		52FB4B011FCFD0C700A7531A /* Debug */ = {
			isa = XCBuildConfiguration;
			baseConfigurationReference = 019DEAEE77F2B2670A90257F /* Pods-ChatBot.debug.xcconfig */;
			buildSettings = {
				ASSETCATALOG_COMPILER_APPICON_NAME = AppIcon;
				CODE_SIGN_STYLE = Automatic;
				DEVELOPMENT_TEAM = X3MMR74GH2;
				INFOPLIST_FILE = ChatBot/Info.plist;
				LD_RUNPATH_SEARCH_PATHS = "$(inherited) @executable_path/Frameworks";
				PRODUCT_BUNDLE_IDENTIFIER = co.pkd.ChatBot;
				PRODUCT_NAME = "$(TARGET_NAME)";
				SWIFT_OBJC_BRIDGING_HEADER = "ChatBot/ChatBot-Bridging-Header.h";
				SWIFT_VERSION = 4.0;
				TARGETED_DEVICE_FAMILY = "1,2";
			};
			name = Debug;
		};
		52FB4B021FCFD0C700A7531A /* Release */ = {
			isa = XCBuildConfiguration;
			baseConfigurationReference = 27FEA2DD0F1B5FFA40434CB5 /* Pods-ChatBot.release.xcconfig */;
			buildSettings = {
				ASSETCATALOG_COMPILER_APPICON_NAME = AppIcon;
				CODE_SIGN_STYLE = Automatic;
				DEVELOPMENT_TEAM = X3MMR74GH2;
				INFOPLIST_FILE = ChatBot/Info.plist;
				LD_RUNPATH_SEARCH_PATHS = "$(inherited) @executable_path/Frameworks";
				PRODUCT_BUNDLE_IDENTIFIER = co.pkd.ChatBot;
				PRODUCT_NAME = "$(TARGET_NAME)";
				SWIFT_OBJC_BRIDGING_HEADER = "ChatBot/ChatBot-Bridging-Header.h";
				SWIFT_VERSION = 4.0;
				TARGETED_DEVICE_FAMILY = "1,2";
			};
			name = Release;
		};
/* End XCBuildConfiguration section */

/* Begin XCConfigurationList section */
		52FB4AE91FCFD0C700A7531A /* Build configuration list for PBXProject "ChatBot" */ = {
			isa = XCConfigurationList;
			buildConfigurations = (
				52FB4AFE1FCFD0C700A7531A /* Debug */,
				52FB4AFF1FCFD0C700A7531A /* Release */,
			);
			defaultConfigurationIsVisible = 0;
			defaultConfigurationName = Release;
		};
		52FB4B001FCFD0C700A7531A /* Build configuration list for PBXNativeTarget "ChatBot" */ = {
			isa = XCConfigurationList;
			buildConfigurations = (
				52FB4B011FCFD0C700A7531A /* Debug */,
				52FB4B021FCFD0C700A7531A /* Release */,
			);
			defaultConfigurationIsVisible = 0;
			defaultConfigurationName = Release;
		};
/* End XCConfigurationList section */
	};
	rootObject = 52FB4AE61FCFD0C700A7531A /* Project object */;
}
